
Microsoft Visual Studio Solution File, Format Version 12.00
# Visual Studio Version 17
VisualStudioVersion = 17.5.33424.131
MinimumVisualStudioVersion = 10.0.40219.1
Project("{FAE04EC0-301F-11D3-BF4B-00C04F79EFBC}") = "CPE106-FOPI01-VARGAS-MOD1-QUIZ", "CPE106-FOPI01-VARGAS-MOD1-QUIZ.csproj", "{2131E325-AF81-4C4F-94F4-99BE93265F48}"
EndProject
Global
	GlobalSection(SolutionConfigurationPlatforms) = preSolution
		Debug|Any CPU = Debug|Any CPU
		Release|Any CPU = Release|Any CPU
	EndGlobalSection
	GlobalSection(ProjectConfigurationPlatforms) = postSolution
		{2131E325-AF81-4C4F-94F4-99BE93265F48}.Debug|Any CPU.ActiveCfg = Debug|Any CPU
		{2131E325-AF81-4C4F-94F4-99BE93265F48}.Debug|Any CPU.Build.0 = Debug|Any CPU
		{2131E325-AF81-4C4F-94F4-99BE93265F48}.Release|Any CPU.ActiveCfg = Release|Any CPU
		{2131E325-AF81-4C4F-94F4-99BE93265F48}.Release|Any CPU.Build.0 = Release|Any CPU
	EndGlobalSection
	GlobalSection(SolutionProperties) = preSolution
		HideSolutionNode = FALSE
	EndGlobalSection
	GlobalSection(ExtensibilityGlobals) = postSolution
		SolutionGuid = {2C88389B-9AE8-4942-8FE3-B9811A768624}
	EndGlobalSection
EndGlobal
